
Microsoft Visual Studio Solution File, Format Version 12.00
# Visual Studio 2013
VisualStudioVersion = 12.0.31101.0
MinimumVisualStudioVersion = 10.0.40219.1
Project("{FAE04EC0-301F-11D3-BF4B-00C04F79EFBC}") = "PokerGame.proj.CSharp.Plugins", "PokerGame.proj.CSharp.Plugins.csproj", "{8BDB174F-806F-0D8A-C007-2447A9E9F7A8}"
EndProject
Project("{FAE04EC0-301F-11D3-BF4B-00C04F79EFBC}") = "PokerGame.proj.CSharp", "PokerGame.proj.CSharp.csproj", "{9B09C5F5-6025-0C70-A7D2-CFC350149616}"
EndProject
Project("{FAE04EC0-301F-11D3-BF4B-00C04F79EFBC}") = "PokerGame.proj.CSharp.Editor", "PokerGame.proj.CSharp.Editor.csproj", "{AFF56D42-2FC4-6D92-F544-082379434244}"
EndProject
Global
	GlobalSection(SolutionConfigurationPlatforms) = preSolution
		Debug|Any CPU = Debug|Any CPU
		Release|Any CPU = Release|Any CPU
	EndGlobalSection
	GlobalSection(ProjectConfigurationPlatforms) = postSolution
		{8BDB174F-806F-0D8A-C007-2447A9E9F7A8}.Debug|Any CPU.ActiveCfg = Debug|Any CPU
		{8BDB174F-806F-0D8A-C007-2447A9E9F7A8}.Debug|Any CPU.Build.0 = Debug|Any CPU
		{8BDB174F-806F-0D8A-C007-2447A9E9F7A8}.Release|Any CPU.ActiveCfg = Release|Any CPU
		{8BDB174F-806F-0D8A-C007-2447A9E9F7A8}.Release|Any CPU.Build.0 = Release|Any CPU
		{9B09C5F5-6025-0C70-A7D2-CFC350149616}.Debug|Any CPU.ActiveCfg = Debug|Any CPU
		{9B09C5F5-6025-0C70-A7D2-CFC350149616}.Debug|Any CPU.Build.0 = Debug|Any CPU
		{9B09C5F5-6025-0C70-A7D2-CFC350149616}.Release|Any CPU.ActiveCfg = Release|Any CPU
		{9B09C5F5-6025-0C70-A7D2-CFC350149616}.Release|Any CPU.Build.0 = Release|Any CPU
		{AFF56D42-2FC4-6D92-F544-082379434244}.Debug|Any CPU.ActiveCfg = Debug|Any CPU
		{AFF56D42-2FC4-6D92-F544-082379434244}.Debug|Any CPU.Build.0 = Debug|Any CPU
		{AFF56D42-2FC4-6D92-F544-082379434244}.Release|Any CPU.ActiveCfg = Release|Any CPU
		{AFF56D42-2FC4-6D92-F544-082379434244}.Release|Any CPU.Build.0 = Release|Any CPU
	EndGlobalSection
	GlobalSection(SolutionProperties) = preSolution
		HideSolutionNode = FALSE
	EndGlobalSection
EndGlobal
